// !$*UTF8*$!
{
	archiveVersion = 1;
	classes = {
	};
	objectVersion = 77;
	objects = {

/* Begin PBXBuildFile section */
		9C58A2A42FC2A73D0047EA88 /* mojakApp.swift in Sources */ = {isa = PBXBuildFile; fileRef = 9C58A2A22FC2A73D0047EA88 /* mojakApp.swift */; };
		9C61E40B2FC2B3E9000ABCDD /* StartView.swift in Sources */ = {isa = PBXBuildFile; fileRef = 9C61E40A2FC2B3E0000ABCDD /* StartView.swift */; };
		9C61E40F2FC2CE7A000ABCDD /* LoginView.swift in Sources */ = {isa = PBXBuildFile; fileRef = 9C61E40E2FC2CE76000ABCDD /* LoginView.swift */; };
		9C61E4122FC8729D000ABCDD /* Assets.xcassets in Resources */ = {isa = PBXBuildFile; fileRef = 9C61E4112FC8729D000ABCDD /* Assets.xcassets */; };
		9C61E4142FC87744000ABCDD /* CreateSheetView.swift in Sources */ = {isa = PBXBuildFile; fileRef = 9C61E4132FC87744000ABCDD /* CreateSheetView.swift */; };
		9C61E4172FC88692000ABCDD /* Pacifico.ttf in Resources */ = {isa = PBXBuildFile; fileRef = 9C61E4162FC88692000ABCDD /* Pacifico.ttf */; };
/* End PBXBuildFile section */

/* Begin PBXFileReference section */
		9C58A28C2FC29C8B0047EA88 /* mojak.app */ = {isa = PBXFileReference; explicitFileType = wrapper.application; includeInIndex = 0; path = mojak.app; sourceTree = BUILT_PRODUCTS_DIR; };
		9C58A2A22FC2A73D0047EA88 /* mojakApp.swift */ = {isa = PBXFileReference; lastKnownFileType = sourcecode.swift; path = mojakApp.swift; sourceTree = "<group>"; };
		9C61E40A2FC2B3E0000ABCDD /* StartView.swift */ = {isa = PBXFileReference; lastKnownFileType = sourcecode.swift; path = StartView.swift; sourceTree = "<group>"; };
		9C61E40C2FC2B761000ABCDD /* Project.swift */ = {isa = PBXFileReference; lastKnownFileType = sourcecode.swift; path = Project.swift; sourceTree = "<group>"; };
		9C61E40D2FC2B769000ABCDD /* ChordBlock.swift */ = {isa = PBXFileReference; lastKnownFileType = sourcecode.swift; path = ChordBlock.swift; sourceTree = "<group>"; };
		9C61E40E2FC2CE76000ABCDD /* LoginView.swift */ = {isa = PBXFileReference; lastKnownFileType = sourcecode.swift; path = LoginView.swift; sourceTree = "<group>"; };
		9C61E4112FC8729D000ABCDD /* Assets.xcassets */ = {isa = PBXFileReference; lastKnownFileType = folder.assetcatalog; path = Assets.xcassets; sourceTree = "<group>"; };
		9C61E4132FC87744000ABCDD /* CreateSheetView.swift */ = {isa = PBXFileReference; lastKnownFileType = sourcecode.swift; path = CreateSheetView.swift; sourceTree = "<group>"; };
		9C61E4162FC88692000ABCDD /* Pacifico.ttf */ = {isa = PBXFileReference; lastKnownFileType = file; path = Pacifico.ttf; sourceTree = "<group>"; };
		9C61E4182FC8875A000ABCDD /* mojak-Info.plist */ = {isa = PBXFileReference; lastKnownFileType = text.plist; path = "mojak-Info.plist"; sourceTree = "<group>"; };
/* End PBXFileReference section */

/* Begin PBXFrameworksBuildPhase section */
		9C58A2892FC29C8B0047EA88 /* Frameworks */ = {
			isa = PBXFrameworksBuildPhase;
			buildActionMask = 2147483647;
			files = (
			);
			runOnlyForDeploymentPostprocessing = 0;
		};
/* End PBXFrameworksBuildPhase section */

/* Begin PBXGroup section */
		9C58A2832FC29C8B0047EA88 = {
			isa = PBXGroup;
			children = (
				9C61E4182FC8875A000ABCDD /* mojak-Info.plist */,
				9C58A2AA2FC2A8AA0047EA88 /* Core */,
				9C58A2A92FC2A8A40047EA88 /* Data */,
				9C58A2A82FC2A89D0047EA88 /* Domain */,
				9C58A2A72FC2A8910047EA88 /* Presentation */,
				9C58A2A62FC2A8640047EA88 /* app */,
				9C58A28D2FC29C8B0047EA88 /* Products */,
			);
			sourceTree = "<group>";
		};
		9C58A28D2FC29C8B0047EA88 /* Products */ = {
			isa = PBXGroup;
			children = (
				9C58A28C2FC29C8B0047EA88 /* mojak.app */,
			);
			name = Products;
			sourceTree = "<group>";
		};
		9C58A2A62FC2A8640047EA88 /* app */ = {
			isa = PBXGroup;
			children = (
				9C58A2A22FC2A73D0047EA88 /* mojakApp.swift */,
			);
			path = app;
			sourceTree = "<group>";
		};
		9C58A2A72FC2A8910047EA88 /* Presentation */ = {
			isa = PBXGroup;
			children = (
				9C61E40A2FC2B3E0000ABCDD /* StartView.swift */,
				9C58A2B62FC2AB020047EA88 /* settings */,
				9C58A2B52FC2AAEA0047EA88 /* Sheet */,
				9C58A2B32FC2AA940047EA88 /* Auth */,
			);
			path = Presentation;
			sourceTree = "<group>";
		};
		9C58A2A82FC2A89D0047EA88 /* Domain */ = {
			isa = PBXGroup;
			children = (
				9C58A2AD2FC2A8FC0047EA88 /* Interfaces */,
				9C58A2AC2FC2A8F60047EA88 /* Usecases */,
				9C58A2AB2FC2A8E70047EA88 /* Entities */,
			);
			path = Domain;
			sourceTree = "<group>";
		};
		9C58A2A92FC2A8A40047EA88 /* Data */ = {
			isa = PBXGroup;
			children = (
				9C58A2B02FC2AA2D0047EA88 /* Network */,
				9C58A2AF2FC2A9D70047EA88 /* LocalStorage */,
				9C58A2AE2FC2A9CA0047EA88 /* Repositories */,
			);
			path = Data;
			sourceTree = "<group>";
		};
		9C58A2AA2FC2A8AA0047EA88 /* Core */ = {
			isa = PBXGroup;
			children = (
				9C58A2B22FC2AA7B0047EA88 /* Utils */,
				9C58A2B12FC2AA6D0047EA88 /* Design */,
			);
			path = Core;
			sourceTree = "<group>";
		};
		9C58A2AB2FC2A8E70047EA88 /* Entities */ = {
			isa = PBXGroup;
			children = (
				9C61E40D2FC2B769000ABCDD /* ChordBlock.swift */,
				9C61E40C2FC2B761000ABCDD /* Project.swift */,
			);
			path = Entities;
			sourceTree = "<group>";
		};
		9C58A2AC2FC2A8F60047EA88 /* Usecases */ = {
			isa = PBXGroup;
			children = (
			);
			path = Usecases;
			sourceTree = "<group>";
		};
		9C58A2AD2FC2A8FC0047EA88 /* Interfaces */ = {
			isa = PBXGroup;
			children = (
			);
			path = Interfaces;
			sourceTree = "<group>";
		};
		9C58A2AE2FC2A9CA0047EA88 /* Repositories */ = {
			isa = PBXGroup;
			children = (
			);
			path = Repositories;
			sourceTree = "<group>";
		};
		9C58A2AF2FC2A9D70047EA88 /* LocalStorage */ = {
			isa = PBXGroup;
			children = (
			);
			path = LocalStorage;
			sourceTree = "<group>";
		};
		9C58A2B02FC2AA2D0047EA88 /* Network */ = {
			isa = PBXGroup;
			children = (
			);
			path = Network;
			sourceTree = "<group>";
		};
		9C58A2B12FC2AA6D0047EA88 /* Design */ = {
			isa = PBXGroup;
			children = (
				9C61E4152FC884BB000ABCDD /* Font */,
				9C61E4112FC8729D000ABCDD /* Assets.xcassets */,
			);
			path = Design;
			sourceTree = "<group>";
		};
		9C58A2B22FC2AA7B0047EA88 /* Utils */ = {
			isa = PBXGroup;
			children = (
			);
			path = Utils;
			sourceTree = "<group>";
		};
		9C58A2B32FC2AA940047EA88 /* Auth */ = {
			isa = PBXGroup;
			children = (
				9C58A2BD2FC2AB300047EA88 /* ViewModel */,
				9C58A2BE2FC2AB300047EA88 /* View */,
			);
			path = Auth;
			sourceTree = "<group>";
		};
		9C58A2B52FC2AAEA0047EA88 /* Sheet */ = {
			isa = PBXGroup;
			children = (
				9C58A2B92FC2AB2D0047EA88 /* ViewModel */,
				9C58A2BA2FC2AB2D0047EA88 /* View */,
			);
			path = Sheet;
			sourceTree = "<group>";
		};
		9C58A2B62FC2AB020047EA88 /* settings */ = {
			isa = PBXGroup;
			children = (
				9C58A2B82FC2AB280047EA88 /* ViewModel */,
				9C58A2B72FC2AB220047EA88 /* View */,
			);
			path = settings;
			sourceTree = "<group>";
		};
		9C58A2B72FC2AB220047EA88 /* View */ = {
			isa = PBXGroup;
			children = (
			);
			path = View;
			sourceTree = "<group>";
		};
		9C58A2B82FC2AB280047EA88 /* ViewModel */ = {
			isa = PBXGroup;
			children = (
			);
			path = ViewModel;
			sourceTree = "<group>";
		};
		9C58A2B92FC2AB2D0047EA88 /* ViewModel */ = {
			isa = PBXGroup;
			children = (
			);
			path = ViewModel;
			sourceTree = "<group>";
		};
		9C58A2BA2FC2AB2D0047EA88 /* View */ = {
			isa = PBXGroup;
			children = (
				9C61E4132FC87744000ABCDD /* CreateSheetView.swift */,
			);
			path = View;
			sourceTree = "<group>";
		};
		9C58A2BD2FC2AB300047EA88 /* ViewModel */ = {
			isa = PBXGroup;
			children = (
			);
			path = ViewModel;
			sourceTree = "<group>";
		};
		9C58A2BE2FC2AB300047EA88 /* View */ = {
			isa = PBXGroup;
			children = (
				9C61E40E2FC2CE76000ABCDD /* LoginView.swift */,
			);
			path = View;
			sourceTree = "<group>";
		};
		9C61E4152FC884BB000ABCDD /* Font */ = {
			isa = PBXGroup;
			children = (
				9C61E4162FC88692000ABCDD /* Pacifico.ttf */,
			);
			path = Font;
			sourceTree = "<group>";
		};
/* End PBXGroup section */

/* Begin PBXNativeTarget section */
		9C58A28B2FC29C8B0047EA88 /* mojak */ = {
			isa = PBXNativeTarget;
			buildConfigurationList = 9C58A2972FC29C8D0047EA88 /* Build configuration list for PBXNativeTarget "mojak" */;
			buildPhases = (
				9C58A2882FC29C8B0047EA88 /* Sources */,
				9C58A2892FC29C8B0047EA88 /* Frameworks */,
				9C58A28A2FC29C8B0047EA88 /* Resources */,
			);
			buildRules = (
			);
			dependencies = (
			);
			name = mojak;
			packageProductDependencies = (
			);
			productName = mojak;
			productReference = 9C58A28C2FC29C8B0047EA88 /* mojak.app */;
			productType = "com.apple.product-type.application";
		};
/* End PBXNativeTarget section */

/* Begin PBXProject section */
		9C58A2842FC29C8B0047EA88 /* Project object */ = {
			isa = PBXProject;
			attributes = {
				BuildIndependentTargetsInParallel = 1;
				LastSwiftUpdateCheck = 2650;
				LastUpgradeCheck = 2650;
				TargetAttributes = {
					9C58A28B2FC29C8B0047EA88 = {
						CreatedOnToolsVersion = 26.5;
					};
				};
			};
			buildConfigurationList = 9C58A2872FC29C8B0047EA88 /* Build configuration list for PBXProject "mojak" */;
			developmentRegion = en;
			hasScannedForEncodings = 0;
			knownRegions = (
				en,
				Base,
				ko,
			);
			mainGroup = 9C58A2832FC29C8B0047EA88;
			minimizedProjectReferenceProxies = 1;
			preferredProjectObjectVersion = 77;
			productRefGroup = 9C58A28D2FC29C8B0047EA88 /* Products */;
			projectDirPath = "";
			projectRoot = "";
			targets = (
				9C58A28B2FC29C8B0047EA88 /* mojak */,
			);
		};
/* End PBXProject section */

/* Begin PBXResourcesBuildPhase section */
		9C58A28A2FC29C8B0047EA88 /* Resources */ = {
			isa = PBXResourcesBuildPhase;
			buildActionMask = 2147483647;
			files = (
				9C61E4172FC88692000ABCDD /* Pacifico.ttf in Resources */,
				9C61E4122FC8729D000ABCDD /* Assets.xcassets in Resources */,
			);
			runOnlyForDeploymentPostprocessing = 0;
		};
/* End PBXResourcesBuildPhase section */

/* Begin PBXSourcesBuildPhase section */
		9C58A2882FC29C8B0047EA88 /* Sources */ = {
			isa = PBXSourcesBuildPhase;
			buildActionMask = 2147483647;
			files = (
				9C61E4142FC87744000ABCDD /* CreateSheetView.swift in Sources */,
				9C61E40B2FC2B3E9000ABCDD /* StartView.swift in Sources */,
				9C61E40F2FC2CE7A000ABCDD /* LoginView.swift in Sources */,
				9C58A2A42FC2A73D0047EA88 /* mojakApp.swift in Sources */,
			);
			runOnlyForDeploymentPostprocessing = 0;
		};
/* End PBXSourcesBuildPhase section */

/* Begin XCBuildConfiguration section */
		9C58A2952FC29C8D0047EA88 /* Debug */ = {
			isa = XCBuildConfiguration;
			buildSettings = {
				ALWAYS_SEARCH_USER_PATHS = NO;
				ASSETCATALOG_COMPILER_GENERATE_SWIFT_ASSET_SYMBOL_EXTENSIONS = YES;
				CLANG_ANALYZER_NONNULL = YES;
				CLANG_ANALYZER_NUMBER_OBJECT_CONVERSION = YES_AGGRESSIVE;
				CLANG_CXX_LANGUAGE_STANDARD = "gnu++20";
				CLANG_ENABLE_MODULES = YES;
				CLANG_ENABLE_OBJC_ARC = YES;
				CLANG_ENABLE_OBJC_WEAK = YES;
				CLANG_WARN_BLOCK_CAPTURE_AUTORELEASING = YES;
				CLANG_WARN_BOOL_CONVERSION = YES;
				CLANG_WARN_COMMA = YES;
				CLANG_WARN_CONSTANT_CONVERSION = YES;
				CLANG_WARN_DEPRECATED_OBJC_IMPLEMENTATIONS = YES;
				CLANG_WARN_DIRECT_OBJC_ISA_USAGE = YES_ERROR;
				CLANG_WARN_DOCUMENTATION_COMMENTS = YES;
				CLANG_WARN_EMPTY_BODY = YES;
				CLANG_WARN_ENUM_CONVERSION = YES;
				CLANG_WARN_INFINITE_RECURSION = YES;
				CLANG_WARN_INT_CONVERSION = YES;
				CLANG_WARN_NON_LITERAL_NULL_CONVERSION = YES;
				CLANG_WARN_OBJC_IMPLICIT_RETAIN_SELF = YES;
				CLANG_WARN_OBJC_LITERAL_CONVERSION = YES;
				CLANG_WARN_OBJC_ROOT_CLASS = YES_ERROR;
				CLANG_WARN_QUOTED_INCLUDE_IN_FRAMEWORK_HEADER = YES;
				CLANG_WARN_RANGE_LOOP_ANALYSIS = YES;
				CLANG_WARN_STRICT_PROTOTYPES = YES;
				CLANG_WARN_SUSPICIOUS_MOVE = YES;
				CLANG_WARN_UNGUARDED_AVAILABILITY = YES_AGGRESSIVE;
				CLANG_WARN_UNREACHABLE_CODE = YES;
				CLANG_WARN__DUPLICATE_METHOD_MATCH = YES;
				COPY_PHASE_STRIP = NO;
				DEBUG_INFORMATION_FORMAT = dwarf;
				DEVELOPMENT_TEAM = 28YV98QR68;
				ENABLE_STRICT_OBJC_MSGSEND = YES;
				ENABLE_TESTABILITY = YES;
				ENABLE_USER_SCRIPT_SANDBOXING = YES;
				GCC_C_LANGUAGE_STANDARD = gnu17;
				GCC_DYNAMIC_NO_PIC = NO;
				GCC_NO_COMMON_BLOCKS = YES;
				GCC_OPTIMIZATION_LEVEL = 0;
				GCC_PREPROCESSOR_DEFINITIONS = (
					"DEBUG=1",
					"$(inherited)",
				);
				GCC_WARN_64_TO_32_BIT_CONVERSION = YES;
				GCC_WARN_ABOUT_RETURN_TYPE = YES_ERROR;
				GCC_WARN_UNDECLARED_SELECTOR = YES;
				GCC_WARN_UNINITIALIZED_AUTOS = YES_AGGRESSIVE;
				GCC_WARN_UNUSED_FUNCTION = YES;
				GCC_WARN_UNUSED_VARIABLE = YES;
				LOCALIZATION_PREFERS_STRING_CATALOGS = YES;
				MTL_ENABLE_DEBUG_INFO = INCLUDE_SOURCE;
				MTL_FAST_MATH = YES;
				ONLY_ACTIVE_ARCH = YES;
				SWIFT_ACTIVE_COMPILATION_CONDITIONS = "DEBUG $(inherited)";
				SWIFT_OPTIMIZATION_LEVEL = "-Onone";
			};
			name = Debug;
		};
		9C58A2962FC29C8D0047EA88 /* Release */ = {
			isa = XCBuildConfiguration;
			buildSettings = {
				ALWAYS_SEARCH_USER_PATHS = NO;
				ASSETCATALOG_COMPILER_GENERATE_SWIFT_ASSET_SYMBOL_EXTENSIONS = YES;
				CLANG_ANALYZER_NONNULL = YES;
				CLANG_ANALYZER_NUMBER_OBJECT_CONVERSION = YES_AGGRESSIVE;
				CLANG_CXX_LANGUAGE_STANDARD = "gnu++20";
				CLANG_ENABLE_MODULES = YES;
				CLANG_ENABLE_OBJC_ARC = YES;
				CLANG_ENABLE_OBJC_WEAK = YES;
				CLANG_WARN_BLOCK_CAPTURE_AUTORELEASING = YES;
				CLANG_WARN_BOOL_CONVERSION = YES;
				CLANG_WARN_COMMA = YES;
				CLANG_WARN_CONSTANT_CONVERSION = YES;
				CLANG_WARN_DEPRECATED_OBJC_IMPLEMENTATIONS = YES;
				CLANG_WARN_DIRECT_OBJC_ISA_USAGE = YES_ERROR;
				CLANG_WARN_DOCUMENTATION_COMMENTS = YES;
				CLANG_WARN_EMPTY_BODY = YES;
				CLANG_WARN_ENUM_CONVERSION = YES;
				CLANG_WARN_INFINITE_RECURSION = YES;
				CLANG_WARN_INT_CONVERSION = YES;
				CLANG_WARN_NON_LITERAL_NULL_CONVERSION = YES;
				CLANG_WARN_OBJC_IMPLICIT_RETAIN_SELF = YES;
				CLANG_WARN_OBJC_LITERAL_CONVERSION = YES;
				CLANG_WARN_OBJC_ROOT_CLASS = YES_ERROR;
				CLANG_WARN_QUOTED_INCLUDE_IN_FRAMEWORK_HEADER = YES;
				CLANG_WARN_RANGE_LOOP_ANALYSIS = YES;
				CLANG_WARN_STRICT_PROTOTYPES = YES;
				CLANG_WARN_SUSPICIOUS_MOVE = YES;
				CLANG_WARN_UNGUARDED_AVAILABILITY = YES_AGGRESSIVE;
				CLANG_WARN_UNREACHABLE_CODE = YES;
				CLANG_WARN__DUPLICATE_METHOD_MATCH = YES;
				COPY_PHASE_STRIP = NO;
				DEBUG_INFORMATION_FORMAT = "dwarf-with-dsym";
				DEVELOPMENT_TEAM = 28YV98QR68;
				ENABLE_NS_ASSERTIONS = NO;
				ENABLE_STRICT_OBJC_MSGSEND = YES;
				ENABLE_USER_SCRIPT_SANDBOXING = YES;
				GCC_C_LANGUAGE_STANDARD = gnu17;
				GCC_NO_COMMON_BLOCKS = YES;
				GCC_WARN_64_TO_32_BIT_CONVERSION = YES;
				GCC_WARN_ABOUT_RETURN_TYPE = YES_ERROR;
				GCC_WARN_UNDECLARED_SELECTOR = YES;
				GCC_WARN_UNINITIALIZED_AUTOS = YES_AGGRESSIVE;
				GCC_WARN_UNUSED_FUNCTION = YES;
				GCC_WARN_UNUSED_VARIABLE = YES;
				LOCALIZATION_PREFERS_STRING_CATALOGS = YES;
				MTL_ENABLE_DEBUG_INFO = NO;
				MTL_FAST_MATH = YES;
				SWIFT_COMPILATION_MODE = wholemodule;
			};
			name = Release;
		};
		9C58A2982FC29C8D0047EA88 /* Debug */ = {
			isa = XCBuildConfiguration;
			buildSettings = {
				ASSETCATALOG_COMPILER_APPICON_NAME = AppIcon;
				ASSETCATALOG_COMPILER_GLOBAL_ACCENT_COLOR_NAME = AccentColor;
				CODE_SIGN_STYLE = Automatic;
				CURRENT_PROJECT_VERSION = 1;
				DEVELOPMENT_TEAM = 28YV98QR68;
				ENABLE_APP_SANDBOX = YES;
				ENABLE_HARDENED_RUNTIME = YES;
				ENABLE_PREVIEWS = YES;
				ENABLE_USER_SELECTED_FILES = readonly;
				GENERATE_INFOPLIST_FILE = YES;
				INFOPLIST_FILE = "mojak-Info.plist";
				"INFOPLIST_KEY_UIApplicationSceneManifest_Generation[sdk=iphoneos*]" = YES;
				"INFOPLIST_KEY_UIApplicationSceneManifest_Generation[sdk=iphonesimulator*]" = YES;
				"INFOPLIST_KEY_UIApplicationSupportsIndirectInputEvents[sdk=iphoneos*]" = YES;
				"INFOPLIST_KEY_UIApplicationSupportsIndirectInputEvents[sdk=iphonesimulator*]" = YES;
				"INFOPLIST_KEY_UILaunchScreen_Generation[sdk=iphoneos*]" = YES;
				"INFOPLIST_KEY_UILaunchScreen_Generation[sdk=iphonesimulator*]" = YES;
				"INFOPLIST_KEY_UIStatusBarStyle[sdk=iphoneos*]" = UIStatusBarStyleDefault;
				"INFOPLIST_KEY_UIStatusBarStyle[sdk=iphonesimulator*]" = UIStatusBarStyleDefault;
				INFOPLIST_KEY_UISupportedInterfaceOrientations_iPad = "UIInterfaceOrientationPortrait UIInterfaceOrientationPortraitUpsideDown UIInterfaceOrientationLandscapeLeft UIInterfaceOrientationLandscapeRight";
				INFOPLIST_KEY_UISupportedInterfaceOrientations_iPhone = "UIInterfaceOrientationPortrait UIInterfaceOrientationLandscapeLeft UIInterfaceOrientationLandscapeRight";
				IPHONEOS_DEPLOYMENT_TARGET = 26.5;
				LD_RUNPATH_SEARCH_PATHS = "@executable_path/Frameworks";
				"LD_RUNPATH_SEARCH_PATHS[sdk=macosx*]" = "@executable_path/../Frameworks";
				MACOSX_DEPLOYMENT_TARGET = 26.4;
				MARKETING_VERSION = 1.0;
				PRODUCT_BUNDLE_IDENTIFIER = com.mojak;
				PRODUCT_NAME = "$(TARGET_NAME)";
				REGISTER_APP_GROUPS = YES;
				SDKROOT = auto;
				STRING_CATALOG_GENERATE_SYMBOLS = YES;
				SUPPORTED_PLATFORMS = "iphoneos iphonesimulator macosx xros xrsimulator";
				SWIFT_APPROACHABLE_CONCURRENCY = YES;
				SWIFT_DEFAULT_ACTOR_ISOLATION = MainActor;
				SWIFT_EMIT_LOC_STRINGS = YES;
				SWIFT_UPCOMING_FEATURE_MEMBER_IMPORT_VISIBILITY = YES;
				SWIFT_VERSION = 5.0;
				TARGETED_DEVICE_FAMILY = "1,2,7";
				XROS_DEPLOYMENT_TARGET = 26.5;
			};
			name = Debug;
		};
		9C58A2992FC29C8D0047EA88 /* Release */ = {
			isa = XCBuildConfiguration;
			buildSettings = {
				ASSETCATALOG_COMPILER_APPICON_NAME = AppIcon;
				ASSETCATALOG_COMPILER_GLOBAL_ACCENT_COLOR_NAME = AccentColor;
				CODE_SIGN_STYLE = Automatic;
				CURRENT_PROJECT_VERSION = 1;
				DEVELOPMENT_TEAM = 28YV98QR68;
				ENABLE_APP_SANDBOX = YES;
				ENABLE_HARDENED_RUNTIME = YES;
				ENABLE_PREVIEWS = YES;
				ENABLE_USER_SELECTED_FILES = readonly;
				GENERATE_INFOPLIST_FILE = YES;
				INFOPLIST_FILE = "mojak-Info.plist";
				"INFOPLIST_KEY_UIApplicationSceneManifest_Generation[sdk=iphoneos*]" = YES;
				"INFOPLIST_KEY_UIApplicationSceneManifest_Generation[sdk=iphonesimulator*]" = YES;
				"INFOPLIST_KEY_UIApplicationSupportsIndirectInputEvents[sdk=iphoneos*]" = YES;
				"INFOPLIST_KEY_UIApplicationSupportsIndirectInputEvents[sdk=iphonesimulator*]" = YES;
				"INFOPLIST_KEY_UILaunchScreen_Generation[sdk=iphoneos*]" = YES;
				"INFOPLIST_KEY_UILaunchScreen_Generation[sdk=iphonesimulator*]" = YES;
				"INFOPLIST_KEY_UIStatusBarStyle[sdk=iphoneos*]" = UIStatusBarStyleDefault;
				"INFOPLIST_KEY_UIStatusBarStyle[sdk=iphonesimulator*]" = UIStatusBarStyleDefault;
				INFOPLIST_KEY_UISupportedInterfaceOrientations_iPad = "UIInterfaceOrientationPortrait UIInterfaceOrientationPortraitUpsideDown UIInterfaceOrientationLandscapeLeft UIInterfaceOrientationLandscapeRight";
				INFOPLIST_KEY_UISupportedInterfaceOrientations_iPhone = "UIInterfaceOrientationPortrait UIInterfaceOrientationLandscapeLeft UIInterfaceOrientationLandscapeRight";
				IPHONEOS_DEPLOYMENT_TARGET = 26.5;
				LD_RUNPATH_SEARCH_PATHS = "@executable_path/Frameworks";
				"LD_RUNPATH_SEARCH_PATHS[sdk=macosx*]" = "@executable_path/../Frameworks";
				MACOSX_DEPLOYMENT_TARGET = 26.4;
				MARKETING_VERSION = 1.0;
				PRODUCT_BUNDLE_IDENTIFIER = com.mojak;
				PRODUCT_NAME = "$(TARGET_NAME)";
				REGISTER_APP_GROUPS = YES;
				SDKROOT = auto;
				STRING_CATALOG_GENERATE_SYMBOLS = YES;
				SUPPORTED_PLATFORMS = "iphoneos iphonesimulator macosx xros xrsimulator";
				SWIFT_APPROACHABLE_CONCURRENCY = YES;
				SWIFT_DEFAULT_ACTOR_ISOLATION = MainActor;
				SWIFT_EMIT_LOC_STRINGS = YES;
				SWIFT_UPCOMING_FEATURE_MEMBER_IMPORT_VISIBILITY = YES;
				SWIFT_VERSION = 5.0;
				TARGETED_DEVICE_FAMILY = "1,2,7";
				XROS_DEPLOYMENT_TARGET = 26.5;
			};
			name = Release;
		};
/* End XCBuildConfiguration section */

/* Begin XCConfigurationList section */
		9C58A2872FC29C8B0047EA88 /* Build configuration list for PBXProject "mojak" */ = {
			isa = XCConfigurationList;
			buildConfigurations = (
				9C58A2952FC29C8D0047EA88 /* Debug */,
				9C58A2962FC29C8D0047EA88 /* Release */,
			);
			defaultConfigurationIsVisible = 0;
			defaultConfigurationName = Release;
		};
		9C58A2972FC29C8D0047EA88 /* Build configuration list for PBXNativeTarget "mojak" */ = {
			isa = XCConfigurationList;
			buildConfigurations = (
				9C58A2982FC29C8D0047EA88 /* Debug */,
				9C58A2992FC29C8D0047EA88 /* Release */,
			);
			defaultConfigurationIsVisible = 0;
			defaultConfigurationName = Release;
		};
/* End XCConfigurationList section */
	};
	rootObject = 9C58A2842FC29C8B0047EA88 /* Project object */;
}
